
Microsoft Visual Studio Solution File, Format Version 12.00
# Visual Studio Version 17
VisualStudioVersion = 17.6.33829.357
MinimumVisualStudioVersion = 10.0.40219.1
Project("{FAE04EC0-301F-11D3-BF4B-00C04F79EFBC}") = "Core.Persistence", "Core.Persistence\Core.Persistence.csproj", "{78659DF3-05DC-4440-BAE9-658F2EACE7A9}"
EndProject
Global
	GlobalSection(SolutionConfigurationPlatforms) = preSolution
		Debug|Any CPU = Debug|Any CPU
		Release|Any CPU = Release|Any CPU
	EndGlobalSection
	GlobalSection(ProjectConfigurationPlatforms) = postSolution
		{78659DF3-05DC-4440-BAE9-658F2EACE7A9}.Debug|Any CPU.ActiveCfg = Debug|Any CPU
		{78659DF3-05DC-4440-BAE9-658F2EACE7A9}.Debug|Any CPU.Build.0 = Debug|Any CPU
		{78659DF3-05DC-4440-BAE9-658F2EACE7A9}.Release|Any CPU.ActiveCfg = Release|Any CPU
		{78659DF3-05DC-4440-BAE9-658F2EACE7A9}.Release|Any CPU.Build.0 = Release|Any CPU
	EndGlobalSection
	GlobalSection(SolutionProperties) = preSolution
		HideSolutionNode = FALSE
	EndGlobalSection
	GlobalSection(ExtensibilityGlobals) = postSolution
		SolutionGuid = {F7F96173-604F-49E1-B6E6-36A77FEAA5C8}
	EndGlobalSection
EndGlobal
